
Microsoft Visual Studio Solution File, Format Version 12.00
# Visual Studio 15
VisualStudioVersion = 15.0.28307.645
MinimumVisualStudioVersion = 10.0.40219.1
Project("{FAE04EC0-301F-11D3-BF4B-00C04F79EFBC}") = "CustomConversion", "CustomConversion\CustomConversion.csproj", "{9628D197-4A06-42E9-838B-7898C4D39E45}"
EndProject
Global
	GlobalSection(SolutionConfigurationPlatforms) = preSolution
		Debug|Any CPU = Debug|Any CPU
		Release|Any CPU = Release|Any CPU
	EndGlobalSection
	GlobalSection(ProjectConfigurationPlatforms) = postSolution
		{9628D197-4A06-42E9-838B-7898C4D39E45}.Debug|Any CPU.ActiveCfg = Debug|Any CPU
		{9628D197-4A06-42E9-838B-7898C4D39E45}.Debug|Any CPU.Build.0 = Debug|Any CPU
		{9628D197-4A06-42E9-838B-7898C4D39E45}.Release|Any CPU.ActiveCfg = Release|Any CPU
		{9628D197-4A06-42E9-838B-7898C4D39E45}.Release|Any CPU.Build.0 = Release|Any CPU
	EndGlobalSection
	GlobalSection(SolutionProperties) = preSolution
		HideSolutionNode = FALSE
	EndGlobalSection
	GlobalSection(ExtensibilityGlobals) = postSolution
		SolutionGuid = {58CCBF83-C4EB-49F9-9807-47C2D6716810}
	EndGlobalSection
EndGlobal
