
Microsoft Visual Studio Solution File, Format Version 12.00
# Visual Studio 15
VisualStudioVersion = 15.0.28307.645
MinimumVisualStudioVersion = 10.0.40219.1
Project("{FAE04EC0-301F-11D3-BF4B-00C04F79EFBC}") = "CarDelegateMethodGroupConversion", "CarDelegateMethodGroupConversion\CarDelegateMethodGroupConversion.csproj", "{96987D2D-4820-4BF9-8ED1-D05E8F788863}"
EndProject
Global
	GlobalSection(SolutionConfigurationPlatforms) = preSolution
		Debug|Any CPU = Debug|Any CPU
		Release|Any CPU = Release|Any CPU
	EndGlobalSection
	GlobalSection(ProjectConfigurationPlatforms) = postSolution
		{96987D2D-4820-4BF9-8ED1-D05E8F788863}.Debug|Any CPU.ActiveCfg = Debug|Any CPU
		{96987D2D-4820-4BF9-8ED1-D05E8F788863}.Debug|Any CPU.Build.0 = Debug|Any CPU
		{96987D2D-4820-4BF9-8ED1-D05E8F788863}.Release|Any CPU.ActiveCfg = Release|Any CPU
		{96987D2D-4820-4BF9-8ED1-D05E8F788863}.Release|Any CPU.Build.0 = Release|Any CPU
	EndGlobalSection
	GlobalSection(SolutionProperties) = preSolution
		HideSolutionNode = FALSE
	EndGlobalSection
	GlobalSection(ExtensibilityGlobals) = postSolution
		SolutionGuid = {F702A0D1-D74A-4008-9440-7C9C3763A5DE}
	EndGlobalSection
EndGlobal
