
Microsoft Visual Studio Solution File, Format Version 12.00
# Visual Studio 15
VisualStudioVersion = 15.0.28010.2050
MinimumVisualStudioVersion = 10.0.40219.1
Project("{FAE04EC0-301F-11D3-BF4B-00C04F79EFBC}") = "Send", "Send\Send.csproj", "{3BC1FF5A-6A94-4F73-9735-1EA70A6B080B}"
EndProject
Global
	GlobalSection(SolutionConfigurationPlatforms) = preSolution
		Debug|Any CPU = Debug|Any CPU
		Release|Any CPU = Release|Any CPU
	EndGlobalSection
	GlobalSection(ProjectConfigurationPlatforms) = postSolution
		{3BC1FF5A-6A94-4F73-9735-1EA70A6B080B}.Debug|Any CPU.ActiveCfg = Debug|Any CPU
		{3BC1FF5A-6A94-4F73-9735-1EA70A6B080B}.Debug|Any CPU.Build.0 = Debug|Any CPU
		{3BC1FF5A-6A94-4F73-9735-1EA70A6B080B}.Release|Any CPU.ActiveCfg = Release|Any CPU
		{3BC1FF5A-6A94-4F73-9735-1EA70A6B080B}.Release|Any CPU.Build.0 = Release|Any CPU
	EndGlobalSection
	GlobalSection(SolutionProperties) = preSolution
		HideSolutionNode = FALSE
	EndGlobalSection
	GlobalSection(ExtensibilityGlobals) = postSolution
		SolutionGuid = {05B53D8B-57A8-4644-8305-EB85C39B2299}
	EndGlobalSection
EndGlobal
