
Microsoft Visual Studio Solution File, Format Version 12.00
# Visual Studio 15
VisualStudioVersion = 15.0.28307.705
MinimumVisualStudioVersion = 10.0.40219.1
Project("{FAE04EC0-301F-11D3-BF4B-00C04F79EFBC}") = "StreamWriterReaderApp", "StreamWriterReaderApp\StreamWriterReaderApp.csproj", "{226D193F-D73A-415B-ABC9-5AD2C6B25011}"
EndProject
Global
	GlobalSection(SolutionConfigurationPlatforms) = preSolution
		Debug|Any CPU = Debug|Any CPU
		Release|Any CPU = Release|Any CPU
	EndGlobalSection
	GlobalSection(ProjectConfigurationPlatforms) = postSolution
		{226D193F-D73A-415B-ABC9-5AD2C6B25011}.Debug|Any CPU.ActiveCfg = Debug|Any CPU
		{226D193F-D73A-415B-ABC9-5AD2C6B25011}.Debug|Any CPU.Build.0 = Debug|Any CPU
		{226D193F-D73A-415B-ABC9-5AD2C6B25011}.Release|Any CPU.ActiveCfg = Release|Any CPU
		{226D193F-D73A-415B-ABC9-5AD2C6B25011}.Release|Any CPU.Build.0 = Release|Any CPU
	EndGlobalSection
	GlobalSection(SolutionProperties) = preSolution
		HideSolutionNode = FALSE
	EndGlobalSection
	GlobalSection(ExtensibilityGlobals) = postSolution
		SolutionGuid = {53566AD5-35B0-4EEE-A00E-5E91FBE8EEC6}
	EndGlobalSection
EndGlobal
