
Microsoft Visual Studio Solution File, Format Version 12.00
# Visual Studio 15
VisualStudioVersion = 15.0.28307.705
MinimumVisualStudioVersion = 10.0.40219.1
Project("{FAE04EC0-301F-11D3-BF4B-00C04F79EFBC}") = "PLINQDataProcessingWithCancellation", "PLINQDataProcessingWithCancellation\PLINQDataProcessingWithCancellation.csproj", "{55EF7379-B444-449E-9431-B20250FCCC56}"
EndProject
Global
	GlobalSection(SolutionConfigurationPlatforms) = preSolution
		Debug|Any CPU = Debug|Any CPU
		Release|Any CPU = Release|Any CPU
	EndGlobalSection
	GlobalSection(ProjectConfigurationPlatforms) = postSolution
		{55EF7379-B444-449E-9431-B20250FCCC56}.Debug|Any CPU.ActiveCfg = Debug|Any CPU
		{55EF7379-B444-449E-9431-B20250FCCC56}.Debug|Any CPU.Build.0 = Debug|Any CPU
		{55EF7379-B444-449E-9431-B20250FCCC56}.Release|Any CPU.ActiveCfg = Release|Any CPU
		{55EF7379-B444-449E-9431-B20250FCCC56}.Release|Any CPU.Build.0 = Release|Any CPU
	EndGlobalSection
	GlobalSection(SolutionProperties) = preSolution
		HideSolutionNode = FALSE
	EndGlobalSection
	GlobalSection(ExtensibilityGlobals) = postSolution
		SolutionGuid = {A201B2EF-7E3C-4A05-ACCB-62DF44C57F9C}
	EndGlobalSection
EndGlobal
