
Microsoft Visual Studio Solution File, Format Version 12.00
# Visual Studio 15
VisualStudioVersion = 15.0.28307.902
MinimumVisualStudioVersion = 10.0.40219.1
Project("{FAE04EC0-301F-11D3-BF4B-00C04F79EFBC}") = "MyXamlPad", "MyXamlPad\MyXamlPad.csproj", "{B00392E8-52F6-4A22-AED5-B4E8A784C897}"
EndProject
Global
	GlobalSection(SolutionConfigurationPlatforms) = preSolution
		Debug|Any CPU = Debug|Any CPU
		Release|Any CPU = Release|Any CPU
	EndGlobalSection
	GlobalSection(ProjectConfigurationPlatforms) = postSolution
		{B00392E8-52F6-4A22-AED5-B4E8A784C897}.Debug|Any CPU.ActiveCfg = Debug|Any CPU
		{B00392E8-52F6-4A22-AED5-B4E8A784C897}.Debug|Any CPU.Build.0 = Debug|Any CPU
		{B00392E8-52F6-4A22-AED5-B4E8A784C897}.Release|Any CPU.ActiveCfg = Release|Any CPU
		{B00392E8-52F6-4A22-AED5-B4E8A784C897}.Release|Any CPU.Build.0 = Release|Any CPU
	EndGlobalSection
	GlobalSection(SolutionProperties) = preSolution
		HideSolutionNode = FALSE
	EndGlobalSection
	GlobalSection(ExtensibilityGlobals) = postSolution
		SolutionGuid = {3285767A-E33E-425E-85EE-84FB03CAF894}
	EndGlobalSection
EndGlobal
