
Microsoft Visual Studio Solution File, Format Version 12.00
# Visual Studio 15
VisualStudioVersion = 15.0.28307.902
MinimumVisualStudioVersion = 10.0.40219.1
Project("{FAE04EC0-301F-11D3-BF4B-00C04F79EFBC}") = "WpfAppAllCode", "WpfAppAllCode\WpfAppAllCode.csproj", "{7FC01C4D-8FFC-4263-82A6-92680521E8CA}"
EndProject
Global
	GlobalSection(SolutionConfigurationPlatforms) = preSolution
		Debug|Any CPU = Debug|Any CPU
		Release|Any CPU = Release|Any CPU
	EndGlobalSection
	GlobalSection(ProjectConfigurationPlatforms) = postSolution
		{7FC01C4D-8FFC-4263-82A6-92680521E8CA}.Debug|Any CPU.ActiveCfg = Debug|Any CPU
		{7FC01C4D-8FFC-4263-82A6-92680521E8CA}.Debug|Any CPU.Build.0 = Debug|Any CPU
		{7FC01C4D-8FFC-4263-82A6-92680521E8CA}.Release|Any CPU.ActiveCfg = Release|Any CPU
		{7FC01C4D-8FFC-4263-82A6-92680521E8CA}.Release|Any CPU.Build.0 = Release|Any CPU
	EndGlobalSection
	GlobalSection(SolutionProperties) = preSolution
		HideSolutionNode = FALSE
	EndGlobalSection
	GlobalSection(ExtensibilityGlobals) = postSolution
		SolutionGuid = {6B0A6800-9FF0-410A-821F-77B84F144EA0}
	EndGlobalSection
EndGlobal
