
Microsoft Visual Studio Solution File, Format Version 12.00
# Visual Studio 15
VisualStudioVersion = 15.0.27428.2037
MinimumVisualStudioVersion = 10.0.40219.1
Project("{FAE04EC0-301F-11D3-BF4B-00C04F79EFBC}") = "EssentialTools", "EssentialTools\EssentialTools.csproj", "{76EFA9C3-0B88-4A5E-8920-AF7C0F0EC4DD}"
EndProject
Global
	GlobalSection(SolutionConfigurationPlatforms) = preSolution
		Debug|Any CPU = Debug|Any CPU
		Release|Any CPU = Release|Any CPU
	EndGlobalSection
	GlobalSection(ProjectConfigurationPlatforms) = postSolution
		{76EFA9C3-0B88-4A5E-8920-AF7C0F0EC4DD}.Debug|Any CPU.ActiveCfg = Debug|Any CPU
		{76EFA9C3-0B88-4A5E-8920-AF7C0F0EC4DD}.Debug|Any CPU.Build.0 = Debug|Any CPU
		{76EFA9C3-0B88-4A5E-8920-AF7C0F0EC4DD}.Release|Any CPU.ActiveCfg = Release|Any CPU
		{76EFA9C3-0B88-4A5E-8920-AF7C0F0EC4DD}.Release|Any CPU.Build.0 = Release|Any CPU
	EndGlobalSection
	GlobalSection(SolutionProperties) = preSolution
		HideSolutionNode = FALSE
	EndGlobalSection
	GlobalSection(ExtensibilityGlobals) = postSolution
		SolutionGuid = {7F7814D8-8A29-4F9F-8BB0-4D3E22EA4D0A}
	EndGlobalSection
EndGlobal
