
Microsoft Visual Studio Solution File, Format Version 12.00
# Visual Studio 15
VisualStudioVersion = 15.0.28010.2050
MinimumVisualStudioVersion = 10.0.40219.1
Project("{FAE04EC0-301F-11D3-BF4B-00C04F79EFBC}") = "ReceiveLogs", "ReceiveLogs\ReceiveLogs.csproj", "{BED28ACC-2F2D-4067-8C4B-3E9FD313C986}"
EndProject
Global
	GlobalSection(SolutionConfigurationPlatforms) = preSolution
		Debug|Any CPU = Debug|Any CPU
		Release|Any CPU = Release|Any CPU
	EndGlobalSection
	GlobalSection(ProjectConfigurationPlatforms) = postSolution
		{BED28ACC-2F2D-4067-8C4B-3E9FD313C986}.Debug|Any CPU.ActiveCfg = Debug|Any CPU
		{BED28ACC-2F2D-4067-8C4B-3E9FD313C986}.Debug|Any CPU.Build.0 = Debug|Any CPU
		{BED28ACC-2F2D-4067-8C4B-3E9FD313C986}.Release|Any CPU.ActiveCfg = Release|Any CPU
		{BED28ACC-2F2D-4067-8C4B-3E9FD313C986}.Release|Any CPU.Build.0 = Release|Any CPU
	EndGlobalSection
	GlobalSection(SolutionProperties) = preSolution
		HideSolutionNode = FALSE
	EndGlobalSection
	GlobalSection(ExtensibilityGlobals) = postSolution
		SolutionGuid = {A21CBF00-4541-4BB0-80FC-CBECB716B6FB}
	EndGlobalSection
EndGlobal
