
Microsoft Visual Studio Solution File, Format Version 12.00
# Visual Studio 15
VisualStudioVersion = 15.0.28307.168
MinimumVisualStudioVersion = 10.0.40219.1
Project("{FAE04EC0-301F-11D3-BF4B-00C04F79EFBC}") = "SimpleException", "SimpleException\SimpleException.csproj", "{9AE45EB9-1904-4C87-BEBF-E3C6EFE8FB91}"
EndProject
Global
	GlobalSection(SolutionConfigurationPlatforms) = preSolution
		Debug|Any CPU = Debug|Any CPU
		Release|Any CPU = Release|Any CPU
	EndGlobalSection
	GlobalSection(ProjectConfigurationPlatforms) = postSolution
		{9AE45EB9-1904-4C87-BEBF-E3C6EFE8FB91}.Debug|Any CPU.ActiveCfg = Debug|Any CPU
		{9AE45EB9-1904-4C87-BEBF-E3C6EFE8FB91}.Debug|Any CPU.Build.0 = Debug|Any CPU
		{9AE45EB9-1904-4C87-BEBF-E3C6EFE8FB91}.Release|Any CPU.ActiveCfg = Release|Any CPU
		{9AE45EB9-1904-4C87-BEBF-E3C6EFE8FB91}.Release|Any CPU.Build.0 = Release|Any CPU
	EndGlobalSection
	GlobalSection(SolutionProperties) = preSolution
		HideSolutionNode = FALSE
	EndGlobalSection
	GlobalSection(ExtensibilityGlobals) = postSolution
		SolutionGuid = {DEDD28F3-00E2-4EBB-9FE9-8837E1B3ACA4}
	EndGlobalSection
EndGlobal
