
Microsoft Visual Studio Solution File, Format Version 12.00
# Visual Studio 15
VisualStudioVersion = 15.0.28307.705
MinimumVisualStudioVersion = 10.0.40219.1
Project("{FAE04EC0-301F-11D3-BF4B-00C04F79EFBC}") = "MyExtendableApp", "MyExtendableApp\MyExtendableApp.csproj", "{607B5E56-D434-4F94-90EC-21C1213FDA12}"
EndProject
Global
	GlobalSection(SolutionConfigurationPlatforms) = preSolution
		Debug|Any CPU = Debug|Any CPU
		Release|Any CPU = Release|Any CPU
	EndGlobalSection
	GlobalSection(ProjectConfigurationPlatforms) = postSolution
		{607B5E56-D434-4F94-90EC-21C1213FDA12}.Debug|Any CPU.ActiveCfg = Debug|Any CPU
		{607B5E56-D434-4F94-90EC-21C1213FDA12}.Debug|Any CPU.Build.0 = Debug|Any CPU
		{607B5E56-D434-4F94-90EC-21C1213FDA12}.Release|Any CPU.ActiveCfg = Release|Any CPU
		{607B5E56-D434-4F94-90EC-21C1213FDA12}.Release|Any CPU.Build.0 = Release|Any CPU
	EndGlobalSection
	GlobalSection(SolutionProperties) = preSolution
		HideSolutionNode = FALSE
	EndGlobalSection
	GlobalSection(ExtensibilityGlobals) = postSolution
		SolutionGuid = {D2528FCE-2275-4AF9-B369-FFD8C86C55CD}
	EndGlobalSection
EndGlobal
