
Microsoft Visual Studio Solution File, Format Version 12.00
# Visual Studio 15
VisualStudioVersion = 15.0.27428.2037
MinimumVisualStudioVersion = 10.0.40219.1
Project("{FAE04EC0-301F-11D3-BF4B-00C04F79EFBC}") = "FunWithStructures", "FunWithStructures\FunWithStructures.csproj", "{7D865199-9765-43E3-B28F-25F989CDB576}"
EndProject
Global
	GlobalSection(SolutionConfigurationPlatforms) = preSolution
		Debug|Any CPU = Debug|Any CPU
		Release|Any CPU = Release|Any CPU
	EndGlobalSection
	GlobalSection(ProjectConfigurationPlatforms) = postSolution
		{7D865199-9765-43E3-B28F-25F989CDB576}.Debug|Any CPU.ActiveCfg = Debug|Any CPU
		{7D865199-9765-43E3-B28F-25F989CDB576}.Debug|Any CPU.Build.0 = Debug|Any CPU
		{7D865199-9765-43E3-B28F-25F989CDB576}.Release|Any CPU.ActiveCfg = Release|Any CPU
		{7D865199-9765-43E3-B28F-25F989CDB576}.Release|Any CPU.Build.0 = Release|Any CPU
	EndGlobalSection
	GlobalSection(SolutionProperties) = preSolution
		HideSolutionNode = FALSE
	EndGlobalSection
	GlobalSection(ExtensibilityGlobals) = postSolution
		SolutionGuid = {88365BD7-AA07-46D1-BCB8-388339CD621E}
	EndGlobalSection
EndGlobal
